# THIS IS AN AUTOGENERATED FILE. DO NOT EDIT THIS FILE DIRECTLY.
# yarn lockfile v1


crypto.js@^2.0.5:
  version "2.0.5"
  resolved "https://registry.yarnpkg.com/crypto.js/-/crypto.js-2.0.5.tgz#2bb707739d35b4a77675ca90f7bb72969e786f6a"
  integrity sha512-ZCBe4d4Yvs/TqPgzc9tIy2FhAFJ+gK5a8eteFGCeaNW9DNHmzB8cBty7i+CBpZloi89DXJ5Vx+NHFEFrz6XUQg==
